
Microsoft Visual Studio Solution File, Format Version 12.00
# Visual Studio 15
VisualStudioVersion = 15.0.26915.1
MinimumVisualStudioVersion = 10.0.40219.1
Project("{FAE04EC0-301F-11D3-BF4B-00C04F79EFBC}") = "FunctionApp1", "FunctionApp1\FunctionApp1.csproj", "{BB655BE8-0929-4F0B-9C10-3996F92C0666}"
EndProject
Global
	GlobalSection(SolutionConfigurationPlatforms) = preSolution
		Debug|Any CPU = Debug|Any CPU
		Release|Any CPU = Release|Any CPU
	EndGlobalSection
	GlobalSection(ProjectConfigurationPlatforms) = postSolution
		{BB655BE8-0929-4F0B-9C10-3996F92C0666}.Debug|Any CPU.ActiveCfg = Debug|Any CPU
		{BB655BE8-0929-4F0B-9C10-3996F92C0666}.Debug|Any CPU.Build.0 = Debug|Any CPU
		{BB655BE8-0929-4F0B-9C10-3996F92C0666}.Release|Any CPU.ActiveCfg = Release|Any CPU
		{BB655BE8-0929-4F0B-9C10-3996F92C0666}.Release|Any CPU.Build.0 = Release|Any CPU
	EndGlobalSection
	GlobalSection(SolutionProperties) = preSolution
		HideSolutionNode = FALSE
	EndGlobalSection
	GlobalSection(ExtensibilityGlobals) = postSolution
		SolutionGuid = {FEFCA62D-CDF1-4F5F-AFDD-5179383FF98C}
	EndGlobalSection
EndGlobal
